PODS:
  - AdLib (5.2.41):
    - Google-Mobile-Ads-SDK (= 7.52.0)
    - HouseAdLib (~> 5.0.7)
    - Reachability
    - SDWebImage
    - SnapKit
    - Toolkit (~> 5.2.37)
  - ApplyStyleKit (0.3.1)
  - DifferenceKit (1.1.4):
    - DifferenceKit/Core (= 1.1.4)
    - DifferenceKit/UIKitExtension (= 1.1.4)
  - DifferenceKit/Core (1.1.4)
  - DifferenceKit/UIKitExtension (1.1.4):
    - DifferenceKit/Core
  - EachNavigationBar (1.14.1)
  - Google-Mobile-Ads-SDK (7.52.0):
    - GoogleAppMeasurement (~> 6.0)
  - GoogleAppMeasurement (6.1.7):
    - GoogleUtilities/AppDelegateSwizzler (~> 6.0)
    - GoogleUtilities/MethodSwizzler (~> 6.0)
    - GoogleUtilities/Network (~> 6.0)
    - "GoogleUtilities/NSData+zlib (~> 6.0)"
    - nanopb (= 0.3.9011)
  - GoogleUtilities/AppDelegateSwizzler (6.4.0):
    - GoogleUtilities/Environment
    - GoogleUtilities/Logger
    - GoogleUtilities/Network
  - GoogleUtilities/Environment (6.4.0)
  - GoogleUtilities/Logger (6.4.0):
    - GoogleUtilities/Environment
  - GoogleUtilities/MethodSwizzler (6.4.0):
    - GoogleUtilities/Logger
  - GoogleUtilities/Network (6.4.0):
    - GoogleUtilities/Logger
    - "GoogleUtilities/NSData+zlib"
    - GoogleUtilities/Reachability
  - "GoogleUtilities/NSData+zlib (6.4.0)"
  - GoogleUtilities/Reachability (6.4.0):
    - GoogleUtilities/Logger
  - HouseAdLib (5.0.7):
    - SDWebImage
    - SnapKit
    - Toolkit
  - JGProgressHUD (2.1)
  - KakaJSON (1.1.1)
  - MMKV (1.0.23)
  - nanopb (0.3.9011):
    - nanopb/decode (= 0.3.9011)
    - nanopb/encode (= 0.3.9011)
  - nanopb/decode (0.3.9011)
  - nanopb/encode (0.3.9011)
  - Permission/Core (3.1.2)
  - Permission/Photos (3.1.2):
    - Permission/Core
  - QMUIKit (4.0.4):
    - QMUIKit/QMUIComponents (= 4.0.4)
    - QMUIKit/QMUICore (= 4.0.4)
    - QMUIKit/QMUILog (= 4.0.4)
    - QMUIKit/QMUIMainFrame (= 4.0.4)
    - QMUIKit/QMUIWeakObjectContainer (= 4.0.4)
  - QMUIKit/QMUIComponents (4.0.4):
    - QMUIKit/QMUIComponents/NavigationBarTransition (= 4.0.4)
    - QMUIKit/QMUIComponents/QMUIAlertController (= 4.0.4)
    - QMUIKit/QMUIComponents/QMUIAnimation (= 4.0.4)
    - QMUIKit/QMUIComponents/QMUIAssetLibrary (= 4.0.4)
    - QMUIKit/QMUIComponents/QMUIBadge (= 4.0.4)
    - QMUIKit/QMUIComponents/QMUIButton (= 4.0.4)
    - QMUIKit/QMUIComponents/QMUICAAnimationExtension (= 4.0.4)
    - QMUIKit/QMUIComponents/QMUICellHeightCache (= 4.0.4)
    - QMUIKit/QMUIComponents/QMUICellHeightKeyCache (= 4.0.4)
    - QMUIKit/QMUIComponents/QMUICellSizeKeyCache (= 4.0.4)
    - QMUIKit/QMUIComponents/QMUICollectionViewPagingLayout (= 4.0.4)
    - QMUIKit/QMUIComponents/QMUIConsole (= 4.0.4)
    - QMUIKit/QMUIComponents/QMUIDialogViewController (= 4.0.4)
    - QMUIKit/QMUIComponents/QMUIEmotionInputManager (= 4.0.4)
    - QMUIKit/QMUIComponents/QMUIEmotionView (= 4.0.4)
    - QMUIKit/QMUIComponents/QMUIEmptyView (= 4.0.4)
    - QMUIKit/QMUIComponents/QMUIFillButton (= 4.0.4)
    - QMUIKit/QMUIComponents/QMUIFloatLayoutView (= 4.0.4)
    - QMUIKit/QMUIComponents/QMUIGhostButton (= 4.0.4)
    - QMUIKit/QMUIComponents/QMUIGridView (= 4.0.4)
    - QMUIKit/QMUIComponents/QMUIImagePickerLibrary (= 4.0.4)
    - QMUIKit/QMUIComponents/QMUIImagePreviewView (= 4.0.4)
    - QMUIKit/QMUIComponents/QMUIKeyboardManager (= 4.0.4)
    - QMUIKit/QMUIComponents/QMUILabel (= 4.0.4)
    - QMUIKit/QMUIComponents/QMUILinkButton (= 4.0.4)
    - QMUIKit/QMUIComponents/QMUILogManagerViewController (= 4.0.4)
    - QMUIKit/QMUIComponents/QMUILogWithConfigurationSupported (= 4.0.4)
    - QMUIKit/QMUIComponents/QMUIMarqueeLabel (= 4.0.4)
    - QMUIKit/QMUIComponents/QMUIModalPresentationViewController (= 4.0.4)
    - QMUIKit/QMUIComponents/QMUIMoreOperationController (= 4.0.4)
    - QMUIKit/QMUIComponents/QMUIMultipleDelegates (= 4.0.4)
    - QMUIKit/QMUIComponents/QMUINavigationButton (= 4.0.4)
    - QMUIKit/QMUIComponents/QMUINavigationTitleView (= 4.0.4)
    - QMUIKit/QMUIComponents/QMUIOrderedDictionary (= 4.0.4)
    - QMUIKit/QMUIComponents/QMUIPieProgressView (= 4.0.4)
    - QMUIKit/QMUIComponents/QMUIPopupContainerView (= 4.0.4)
    - QMUIKit/QMUIComponents/QMUIPopupMenuView (= 4.0.4)
    - QMUIKit/QMUIComponents/QMUIScrollAnimator (= 4.0.4)
    - QMUIKit/QMUIComponents/QMUISearchBar (= 4.0.4)
    - QMUIKit/QMUIComponents/QMUISearchController (= 4.0.4)
    - QMUIKit/QMUIComponents/QMUISegmentedControl (= 4.0.4)
    - QMUIKit/QMUIComponents/QMUISlider (= 4.0.4)
    - QMUIKit/QMUIComponents/QMUIStaticTableView (= 4.0.4)
    - QMUIKit/QMUIComponents/QMUITableView (= 4.0.4)
    - QMUIKit/QMUIComponents/QMUITableViewCell (= 4.0.4)
    - QMUIKit/QMUIComponents/QMUITableViewHeaderFooterView (= 4.0.4)
    - QMUIKit/QMUIComponents/QMUITableViewProtocols (= 4.0.4)
    - QMUIKit/QMUIComponents/QMUITestView (= 4.0.4)
    - QMUIKit/QMUIComponents/QMUITextField (= 4.0.4)
    - QMUIKit/QMUIComponents/QMUITextView (= 4.0.4)
    - QMUIKit/QMUIComponents/QMUITheme (= 4.0.4)
    - QMUIKit/QMUIComponents/QMUITips (= 4.0.4)
    - QMUIKit/QMUIComponents/QMUIToastView (= 4.0.4)
    - QMUIKit/QMUIComponents/QMUIToolbarButton (= 4.0.4)
    - QMUIKit/QMUIComponents/QMUIVisualEffectView (= 4.0.4)
    - QMUIKit/QMUIComponents/QMUIWindowSizeMonitor (= 4.0.4)
    - QMUIKit/QMUIComponents/QMUIZoomImageView (= 4.0.4)
    - QMUIKit/QMUICore
  - QMUIKit/QMUIComponents/NavigationBarTransition (4.0.4):
    - QMUIKit/QMUIComponents/QMUINavigationTitleView
    - QMUIKit/QMUICore
    - QMUIKit/QMUIMainFrame
  - QMUIKit/QMUIComponents/QMUIAlertController (4.0.4):
    - QMUIKit/QMUIComponents/QMUIButton
    - QMUIKit/QMUIComponents/QMUIModalPresentationViewController
    - QMUIKit/QMUIComponents/QMUITextField
    - QMUIKit/QMUICore
  - QMUIKit/QMUIComponents/QMUIAnimation (4.0.4):
    - QMUIKit/QMUICore
  - QMUIKit/QMUIComponents/QMUIAssetLibrary (4.0.4):
    - QMUIKit/QMUICore
  - QMUIKit/QMUIComponents/QMUIBadge (4.0.4):
    - QMUIKit/QMUIComponents/QMUILabel
    - QMUIKit/QMUICore
  - QMUIKit/QMUIComponents/QMUIButton (4.0.4):
    - QMUIKit/QMUICore
  - QMUIKit/QMUIComponents/QMUICAAnimationExtension (4.0.4):
    - QMUIKit/QMUIComponents/QMUIMultipleDelegates
    - QMUIKit/QMUICore
  - QMUIKit/QMUIComponents/QMUICellHeightCache (4.0.4):
    - QMUIKit/QMUIComponents/QMUITableViewProtocols
    - QMUIKit/QMUICore
  - QMUIKit/QMUIComponents/QMUICellHeightKeyCache (4.0.4):
    - QMUIKit/QMUIComponents/QMUIMultipleDelegates
    - QMUIKit/QMUIComponents/QMUITableViewProtocols
    - QMUIKit/QMUICore
  - QMUIKit/QMUIComponents/QMUICellSizeKeyCache (4.0.4):
    - QMUIKit/QMUIComponents/QMUIMultipleDelegates
    - QMUIKit/QMUICore
  - QMUIKit/QMUIComponents/QMUICollectionViewPagingLayout (4.0.4):
    - QMUIKit/QMUICore
  - QMUIKit/QMUIComponents/QMUIConsole (4.0.4):
    - QMUIKit/QMUIComponents/QMUIButton
    - QMUIKit/QMUIComponents/QMUICAAnimationExtension
    - QMUIKit/QMUIComponents/QMUIPopupMenuView
    - QMUIKit/QMUIComponents/QMUITextField
    - QMUIKit/QMUIComponents/QMUITextView
    - QMUIKit/QMUICore
  - QMUIKit/QMUIComponents/QMUIDialogViewController (4.0.4):
    - QMUIKit/QMUIComponents/QMUIButton
    - QMUIKit/QMUIComponents/QMUILabel
    - QMUIKit/QMUIComponents/QMUIModalPresentationViewController
    - QMUIKit/QMUIComponents/QMUINavigationTitleView
    - QMUIKit/QMUIComponents/QMUITableView
    - QMUIKit/QMUIComponents/QMUITableViewCell
    - QMUIKit/QMUIComponents/QMUITextField
    - QMUIKit/QMUICore
    - QMUIKit/QMUIMainFrame
  - QMUIKit/QMUIComponents/QMUIEmotionInputManager (4.0.4):
    - QMUIKit/QMUIComponents/QMUIEmotionView
    - QMUIKit/QMUICore
  - QMUIKit/QMUIComponents/QMUIEmotionView (4.0.4):
    - QMUIKit/QMUIComponents/QMUIButton
    - QMUIKit/QMUICore
  - QMUIKit/QMUIComponents/QMUIEmptyView (4.0.4):
    - QMUIKit/QMUIComponents/QMUIButton
    - QMUIKit/QMUICore
  - QMUIKit/QMUIComponents/QMUIFillButton (4.0.4):
    - QMUIKit/QMUIComponents/QMUIButton
    - QMUIKit/QMUICore
  - QMUIKit/QMUIComponents/QMUIFloatLayoutView (4.0.4):
    - QMUIKit/QMUICore
  - QMUIKit/QMUIComponents/QMUIGhostButton (4.0.4):
    - QMUIKit/QMUIComponents/QMUIButton
    - QMUIKit/QMUICore
  - QMUIKit/QMUIComponents/QMUIGridView (4.0.4):
    - QMUIKit/QMUICore
  - QMUIKit/QMUIComponents/QMUIImagePickerLibrary (4.0.4):
    - QMUIKit/QMUIComponents/QMUIAlertController
    - QMUIKit/QMUIComponents/QMUIAssetLibrary
    - QMUIKit/QMUIComponents/QMUIButton
    - QMUIKit/QMUIComponents/QMUIEmptyView
    - QMUIKit/QMUIComponents/QMUIImagePreviewView
    - QMUIKit/QMUIComponents/QMUINavigationButton
    - QMUIKit/QMUIComponents/QMUITableViewCell
    - QMUIKit/QMUIComponents/QMUIZoomImageView
    - QMUIKit/QMUICore
    - QMUIKit/QMUIMainFrame
  - QMUIKit/QMUIComponents/QMUIImagePreviewView (4.0.4):
    - QMUIKit/QMUIComponents/QMUIButton
    - QMUIKit/QMUIComponents/QMUICollectionViewPagingLayout
    - QMUIKit/QMUIComponents/QMUIEmptyView
    - QMUIKit/QMUIComponents/QMUIPieProgressView
    - QMUIKit/QMUIComponents/QMUIZoomImageView
    - QMUIKit/QMUICore
    - QMUIKit/QMUIMainFrame
  - QMUIKit/QMUIComponents/QMUIKeyboardManager (4.0.4):
    - QMUIKit/QMUICore
  - QMUIKit/QMUIComponents/QMUILabel (4.0.4):
    - QMUIKit/QMUICore
  - QMUIKit/QMUIComponents/QMUILinkButton (4.0.4):
    - QMUIKit/QMUIComponents/QMUIButton
    - QMUIKit/QMUICore
  - QMUIKit/QMUIComponents/QMUILogManagerViewController (4.0.4):
    - QMUIKit/QMUIComponents/QMUIPopupMenuView
    - QMUIKit/QMUIComponents/QMUISearchController
    - QMUIKit/QMUIComponents/QMUIStaticTableView
    - QMUIKit/QMUIComponents/QMUITableView
    - QMUIKit/QMUICore
    - QMUIKit/QMUIMainFrame
  - QMUIKit/QMUIComponents/QMUILogWithConfigurationSupported (4.0.4):
    - QMUIKit/QMUICore
  - QMUIKit/QMUIComponents/QMUIMarqueeLabel (4.0.4):
    - QMUIKit/QMUICore
  - QMUIKit/QMUIComponents/QMUIModalPresentationViewController (4.0.4):
    - QMUIKit/QMUIComponents/QMUIKeyboardManager
    - QMUIKit/QMUICore
  - QMUIKit/QMUIComponents/QMUIMoreOperationController (4.0.4):
    - QMUIKit/QMUIComponents/QMUIButton
    - QMUIKit/QMUIComponents/QMUIModalPresentationViewController
    - QMUIKit/QMUICore
  - QMUIKit/QMUIComponents/QMUIMultipleDelegates (4.0.4):
    - QMUIKit/QMUICore
  - QMUIKit/QMUIComponents/QMUINavigationButton (4.0.4):
    - QMUIKit/QMUICore
    - QMUIKit/QMUIMainFrame
  - QMUIKit/QMUIComponents/QMUINavigationTitleView (4.0.4):
    - QMUIKit/QMUIComponents/QMUIButton
    - QMUIKit/QMUICore
  - QMUIKit/QMUIComponents/QMUIOrderedDictionary (4.0.4):
    - QMUIKit/QMUICore
  - QMUIKit/QMUIComponents/QMUIPieProgressView (4.0.4):
    - QMUIKit/QMUICore
  - QMUIKit/QMUIComponents/QMUIPopupContainerView (4.0.4):
    - QMUIKit/QMUICore
    - QMUIKit/QMUIMainFrame
  - QMUIKit/QMUIComponents/QMUIPopupMenuView (4.0.4):
    - QMUIKit/QMUIComponents/QMUIButton
    - QMUIKit/QMUIComponents/QMUIPopupContainerView
    - QMUIKit/QMUICore
  - QMUIKit/QMUIComponents/QMUIScrollAnimator (4.0.4):
    - QMUIKit/QMUIComponents/QMUIMultipleDelegates
    - QMUIKit/QMUICore
  - QMUIKit/QMUIComponents/QMUISearchBar (4.0.4):
    - QMUIKit/QMUICore
  - QMUIKit/QMUIComponents/QMUISearchController (4.0.4):
    - QMUIKit/QMUIComponents/QMUIEmptyView
    - QMUIKit/QMUIComponents/QMUISearchBar
    - QMUIKit/QMUICore
    - QMUIKit/QMUIMainFrame
  - QMUIKit/QMUIComponents/QMUISegmentedControl (4.0.4):
    - QMUIKit/QMUICore
  - QMUIKit/QMUIComponents/QMUISlider (4.0.4):
    - QMUIKit/QMUICore
  - QMUIKit/QMUIComponents/QMUIStaticTableView (4.0.4):
    - QMUIKit/QMUIComponents/QMUIMultipleDelegates
    - QMUIKit/QMUIComponents/QMUITableViewCell
    - QMUIKit/QMUICore
  - QMUIKit/QMUIComponents/QMUITableView (4.0.4):
    - QMUIKit/QMUIComponents/QMUITableViewProtocols
    - QMUIKit/QMUICore
  - QMUIKit/QMUIComponents/QMUITableViewCell (4.0.4):
    - QMUIKit/QMUIComponents/QMUIButton
    - QMUIKit/QMUICore
  - QMUIKit/QMUIComponents/QMUITableViewHeaderFooterView (4.0.4):
    - QMUIKit/QMUICore
  - QMUIKit/QMUIComponents/QMUITableViewProtocols (4.0.4):
    - QMUIKit/QMUICore
  - QMUIKit/QMUIComponents/QMUITestView (4.0.4):
    - QMUIKit/QMUICore
  - QMUIKit/QMUIComponents/QMUITextField (4.0.4):
    - QMUIKit/QMUIComponents/QMUIMultipleDelegates
    - QMUIKit/QMUICore
  - QMUIKit/QMUIComponents/QMUITextView (4.0.4):
    - QMUIKit/QMUIComponents/QMUILabel
    - QMUIKit/QMUIComponents/QMUIMultipleDelegates
    - QMUIKit/QMUICore
  - QMUIKit/QMUIComponents/QMUITheme (4.0.4):
    - QMUIKit/QMUIComponents/QMUIAlertController
    - QMUIKit/QMUIComponents/QMUIButton
    - QMUIKit/QMUIComponents/QMUIConsole
    - QMUIKit/QMUIComponents/QMUIEmotionView
    - QMUIKit/QMUIComponents/QMUIEmptyView
    - QMUIKit/QMUIComponents/QMUIFillButton
    - QMUIKit/QMUIComponents/QMUIGhostButton
    - QMUIKit/QMUIComponents/QMUIGridView
    - QMUIKit/QMUIComponents/QMUIImagePickerLibrary
    - QMUIKit/QMUIComponents/QMUIImagePreviewView
    - QMUIKit/QMUIComponents/QMUILabel
    - QMUIKit/QMUIComponents/QMUILinkButton
    - QMUIKit/QMUIComponents/QMUIModalPresentationViewController
    - QMUIKit/QMUIComponents/QMUIPopupContainerView
    - QMUIKit/QMUIComponents/QMUIPopupMenuView
    - QMUIKit/QMUIComponents/QMUISlider
    - QMUIKit/QMUIComponents/QMUITextField
    - QMUIKit/QMUIComponents/QMUITextView
    - QMUIKit/QMUIComponents/QMUIToastView
    - QMUIKit/QMUIComponents/QMUIVisualEffectView
    - QMUIKit/QMUICore
  - QMUIKit/QMUIComponents/QMUITips (4.0.4):
    - QMUIKit/QMUIComponents/QMUIToastView
    - QMUIKit/QMUICore
  - QMUIKit/QMUIComponents/QMUIToastView (4.0.4):
    - QMUIKit/QMUIComponents/QMUIKeyboardManager
    - QMUIKit/QMUIComponents/QMUIVisualEffectView
    - QMUIKit/QMUICore
  - QMUIKit/QMUIComponents/QMUIToolbarButton (4.0.4):
    - QMUIKit/QMUICore
  - QMUIKit/QMUIComponents/QMUIVisualEffectView (4.0.4):
    - QMUIKit/QMUICore
  - QMUIKit/QMUIComponents/QMUIWindowSizeMonitor (4.0.4):
    - QMUIKit/QMUICore
  - QMUIKit/QMUIComponents/QMUIZoomImageView (4.0.4):
    - QMUIKit/QMUIComponents/QMUIAssetLibrary
    - QMUIKit/QMUIComponents/QMUIButton
    - QMUIKit/QMUIComponents/QMUIEmptyView
    - QMUIKit/QMUIComponents/QMUIPieProgressView
    - QMUIKit/QMUIComponents/QMUISlider
    - QMUIKit/QMUICore
  - QMUIKit/QMUICore (4.0.4):
    - QMUIKit/QMUILog
    - QMUIKit/QMUIWeakObjectContainer
  - QMUIKit/QMUILog (4.0.4)
  - QMUIKit/QMUIMainFrame (4.0.4):
    - QMUIKit/QMUIComponents/QMUIEmptyView
    - QMUIKit/QMUIComponents/QMUIKeyboardManager
    - QMUIKit/QMUIComponents/QMUIMultipleDelegates
    - QMUIKit/QMUIComponents/QMUINavigationTitleView
    - QMUIKit/QMUIComponents/QMUITableView
    - QMUIKit/QMUIComponents/QMUITableViewHeaderFooterView
    - QMUIKit/QMUICore
    - QMUIKit/QMUILog
  - QMUIKit/QMUIWeakObjectContainer (4.0.4)
  - Reachability (3.2)
  - RxCocoa (5.0.1):
    - RxRelay (~> 5)
    - RxSwift (~> 5)
  - RxRelay (5.0.1):
    - RxSwift (~> 5)
  - RxSwift (5.0.1)
  - SDWebImage (5.4.1):
    - SDWebImage/Core (= 5.4.1)
  - SDWebImage/Core (5.4.1)
  - SnapKit (4.2.0)
  - STRegex (2.1.0)
  - SwiftGen (6.1.0)
  - SwiftyJSON-flow (4.1.0)
  - ToolCollection (0.1.9):
    - DifferenceKit
    - MMKV
    - RxCocoa (~> 5)
    - RxSwift (~> 5)
    - YHListKit-flow
  - Toolkit (5.2.40):
    - JGProgressHUD
    - Reachability
    - SnapKit
    - STRegex
    - SwiftyJSON-flow (= 4.1.0)
  - TZImagePickerController (3.2.9)
  - UMCAnalytics (6.0.5):
    - UMCCommon
  - UMCCommon (2.1.1)
  - YHListKit-flow (1.1.6)

DEPENDENCIES:
  - AdLib
  - ApplyStyleKit
  - EachNavigationBar
  - KakaJSON (~> 1.1.0)
  - Permission/Photos
  - QMUIKit
  - SnapKit (= 4.2.0)
  - SwiftGen
  - ToolCollection
  - Toolkit (~> 5.2.19)
  - TZImagePickerController
  - UMCAnalytics
  - UMCCommon

SPEC REPOS:
  http://git.flowever.net/component/Specs.git:
    - AdLib
    - HouseAdLib
    - SwiftyJSON-flow
    - Toolkit
  https://github.com/CocoaPods/Specs:
    - ApplyStyleKit
    - DifferenceKit
    - EachNavigationBar
    - Google-Mobile-Ads-SDK
    - GoogleAppMeasurement
    - GoogleUtilities
    - JGProgressHUD
    - KakaJSON
    - MMKV
    - nanopb
    - Permission
    - QMUIKit
    - Reachability
    - RxCocoa
    - RxRelay
    - RxSwift
    - SDWebImage
    - SnapKit
    - STRegex
    - SwiftGen
    - ToolCollection
    - TZImagePickerController
    - UMCAnalytics
    - UMCCommon
    - YHListKit-flow

SPEC CHECKSUMS:
  AdLib: 28dc998f3ac22b1ee7abb3380e02002bc8d195bc
  ApplyStyleKit: 0343b87f29764f0b8f80fb49d00361642da12ee6
  DifferenceKit: d7e8a7edd2ae706f1e1f05c8103d4cf858e04b78
  EachNavigationBar: 52548a353a86c441714e355d12f97726d111bbe1
  Google-Mobile-Ads-SDK: 62f6244637306cb60a1b4adda067f53224c7a860
  GoogleAppMeasurement: db118eb61a97dd8c4f7014e368d3c335cbbcf80a
  GoogleUtilities: 29bd0d8f850efbd28cff6d99e8b7da1f8d236bcf
  HouseAdLib: a57cf37c4a0d063d459f4f2e32c9cd3bc01699bf
  JGProgressHUD: aa403e9a5b45cae98903c4600cccdd98c0c3ec90
  KakaJSON: 18a9fbd9e8381e52751eb6da8536bda8d2944fa1
  MMKV: 031ae51aedc0af1b250922f7ed8a6b6ee2f94c4c
  nanopb: 18003b5e52dab79db540fe93fe9579f399bd1ccd
  Permission: 4821359fb4d4367fb59aa16df38fbba5722ac842
  QMUIKit: 73899f707bdd51f44d16e10d11f224fb821fbe74
  Reachability: 33e18b67625424e47b6cde6d202dce689ad7af96
  RxCocoa: e741b9749968e8a143e2b787f1dfbff2b63d0a5c
  RxRelay: 89d54507f4fd4d969e6ec1d4bd7f3673640b4640
  RxSwift: e2dc62b366a3adf6a0be44ba9f405efd4c94e0c4
  SDWebImage: 29c340dbdcef342bb13125553f4e19ce056b07a7
  SnapKit: fe8a619752f3f27075cc9a90244d75c6c3f27e2a
  STRegex: dfa420d93d8c1402956233b3879ec1fc14b45fbe
  SwiftGen: f872ca75cbd17bf7103c17f13dcfa0d9a15667b0
  SwiftyJSON-flow: 6d8033763d84a8d9f5b2355ac9ada4a822b4ece5
  ToolCollection: 03b528c11bac90a758a82640b655a3f22849960e
  Toolkit: 5e3832e93d68c340c1da4ac7e51639d3ddd00767
  TZImagePickerController: 1f92968aa0e98a06b9e2eccca8560acc19254257
  UMCAnalytics: 045be2cd1ec05aa95ad62405a850757f932e2d59
  UMCCommon: 971f324a5a99c9d662ae040a815e7e3d7ef8b2a8
  YHListKit-flow: 2ca9c8992c73d29360d55ef2e5a6caa0b532d57a

PODFILE CHECKSUM: 3d9924940b4d979082b64dce5fae2200baca2ae4

COCOAPODS: 1.8.4
