PODS:
  - ApplyStyleKit (0.3.1)
  - DifferenceKit (1.1.4):
    - DifferenceKit/Core (= 1.1.4)
    - DifferenceKit/UIKitExtension (= 1.1.4)
  - DifferenceKit/Core (1.1.4)
  - DifferenceKit/UIKitExtension (1.1.4):
    - DifferenceKit/Core
  - EachNavigationBar (1.14.1)
  - KakaJSON (1.1.1)
  - MMKV (1.0.23)
  - Permission/Core (3.1.2)
  - Permission/Photos (3.1.2):
    - Permission/Core
  - QMUIKit (4.2.3):
    - QMUIKit/QMUIComponents (= 4.2.3)
    - QMUIKit/QMUICore (= 4.2.3)
    - QMUIKit/QMUILog (= 4.2.3)
    - QMUIKit/QMUIMainFrame (= 4.2.3)
    - QMUIKit/QMUIResources (= 4.2.3)
    - QMUIKit/QMUIWeakObjectContainer (= 4.2.3)
  - QMUIKit/QMUIComponents (4.2.3):
    - QMUIKit/QMUIComponents/NavigationBarTransition (= 4.2.3)
    - QMUIKit/QMUIComponents/QMUIAlertController (= 4.2.3)
    - QMUIKit/QMUIComponents/QMUIAnimation (= 4.2.3)
    - QMUIKit/QMUIComponents/QMUIAppearance (= 4.2.3)
    - QMUIKit/QMUIComponents/QMUIAssetLibrary (= 4.2.3)
    - QMUIKit/QMUIComponents/QMUIBadge (= 4.2.3)
    - QMUIKit/QMUIComponents/QMUIButton (= 4.2.3)
    - QMUIKit/QMUIComponents/QMUICAAnimationExtension (= 4.2.3)
    - QMUIKit/QMUIComponents/QMUICALayerExtension (= 4.2.3)
    - QMUIKit/QMUIComponents/QMUICellHeightCache (= 4.2.3)
    - QMUIKit/QMUIComponents/QMUICellHeightKeyCache (= 4.2.3)
    - QMUIKit/QMUIComponents/QMUICellSizeKeyCache (= 4.2.3)
    - QMUIKit/QMUIComponents/QMUICollectionViewPagingLayout (= 4.2.3)
    - QMUIKit/QMUIComponents/QMUIConsole (= 4.2.3)
    - QMUIKit/QMUIComponents/QMUIDialogViewController (= 4.2.3)
    - QMUIKit/QMUIComponents/QMUIEmotionInputManager (= 4.2.3)
    - QMUIKit/QMUIComponents/QMUIEmotionView (= 4.2.3)
    - QMUIKit/QMUIComponents/QMUIEmptyView (= 4.2.3)
    - QMUIKit/QMUIComponents/QMUIFillButton (= 4.2.3)
    - QMUIKit/QMUIComponents/QMUIFloatLayoutView (= 4.2.3)
    - QMUIKit/QMUIComponents/QMUIGhostButton (= 4.2.3)
    - QMUIKit/QMUIComponents/QMUIGridView (= 4.2.3)
    - QMUIKit/QMUIComponents/QMUIImagePickerLibrary (= 4.2.3)
    - QMUIKit/QMUIComponents/QMUIImagePreviewView (= 4.2.3)
    - QMUIKit/QMUIComponents/QMUIKeyboardManager (= 4.2.3)
    - QMUIKit/QMUIComponents/QMUILabel (= 4.2.3)
    - QMUIKit/QMUIComponents/QMUILinkButton (= 4.2.3)
    - QMUIKit/QMUIComponents/QMUILogManagerViewController (= 4.2.3)
    - QMUIKit/QMUIComponents/QMUILogWithConfigurationSupported (= 4.2.3)
    - QMUIKit/QMUIComponents/QMUIMarqueeLabel (= 4.2.3)
    - QMUIKit/QMUIComponents/QMUIModalPresentationViewController (= 4.2.3)
    - QMUIKit/QMUIComponents/QMUIMoreOperationController (= 4.2.3)
    - QMUIKit/QMUIComponents/QMUIMultipleDelegates (= 4.2.3)
    - QMUIKit/QMUIComponents/QMUINavigationButton (= 4.2.3)
    - QMUIKit/QMUIComponents/QMUINavigationTitleView (= 4.2.3)
    - QMUIKit/QMUIComponents/QMUIOrderedDictionary (= 4.2.3)
    - QMUIKit/QMUIComponents/QMUIPieProgressView (= 4.2.3)
    - QMUIKit/QMUIComponents/QMUIPopupContainerView (= 4.2.3)
    - QMUIKit/QMUIComponents/QMUIPopupMenuView (= 4.2.3)
    - QMUIKit/QMUIComponents/QMUIScrollAnimator (= 4.2.3)
    - QMUIKit/QMUIComponents/QMUISearchBar (= 4.2.3)
    - QMUIKit/QMUIComponents/QMUISearchController (= 4.2.3)
    - QMUIKit/QMUIComponents/QMUISegmentedControl (= 4.2.3)
    - QMUIKit/QMUIComponents/QMUISlider (= 4.2.3)
    - QMUIKit/QMUIComponents/QMUIStaticTableView (= 4.2.3)
    - QMUIKit/QMUIComponents/QMUITableView (= 4.2.3)
    - QMUIKit/QMUIComponents/QMUITableViewCell (= 4.2.3)
    - QMUIKit/QMUIComponents/QMUITableViewHeaderFooterView (= 4.2.3)
    - QMUIKit/QMUIComponents/QMUITableViewProtocols (= 4.2.3)
    - QMUIKit/QMUIComponents/QMUITestView (= 4.2.3)
    - QMUIKit/QMUIComponents/QMUITextField (= 4.2.3)
    - QMUIKit/QMUIComponents/QMUITextView (= 4.2.3)
    - QMUIKit/QMUIComponents/QMUITheme (= 4.2.3)
    - QMUIKit/QMUIComponents/QMUITips (= 4.2.3)
    - QMUIKit/QMUIComponents/QMUIToastView (= 4.2.3)
    - QMUIKit/QMUIComponents/QMUIToolbarButton (= 4.2.3)
    - QMUIKit/QMUIComponents/QMUIVisualEffectView (= 4.2.3)
    - QMUIKit/QMUIComponents/QMUIWindowSizeMonitor (= 4.2.3)
    - QMUIKit/QMUIComponents/QMUIZoomImageView (= 4.2.3)
    - QMUIKit/QMUICore
  - QMUIKit/QMUIComponents/NavigationBarTransition (4.2.3):
    - QMUIKit/QMUIComponents/QMUINavigationTitleView
    - QMUIKit/QMUICore
    - QMUIKit/QMUIMainFrame
  - QMUIKit/QMUIComponents/QMUIAlertController (4.2.3):
    - QMUIKit/QMUIComponents/QMUIAppearance
    - QMUIKit/QMUIComponents/QMUIButton
    - QMUIKit/QMUIComponents/QMUIKeyboardManager
    - QMUIKit/QMUIComponents/QMUIModalPresentationViewController
    - QMUIKit/QMUIComponents/QMUITextField
    - QMUIKit/QMUICore
  - QMUIKit/QMUIComponents/QMUIAnimation (4.2.3):
    - QMUIKit/QMUICore
  - QMUIKit/QMUIComponents/QMUIAppearance (4.2.3):
    - QMUIKit/QMUICore
  - QMUIKit/QMUIComponents/QMUIAssetLibrary (4.2.3):
    - QMUIKit/QMUICore
  - QMUIKit/QMUIComponents/QMUIBadge (4.2.3):
    - QMUIKit/QMUIComponents/QMUILabel
    - QMUIKit/QMUICore
  - QMUIKit/QMUIComponents/QMUIButton (4.2.3):
    - QMUIKit/QMUICore
  - QMUIKit/QMUIComponents/QMUICAAnimationExtension (4.2.3):
    - QMUIKit/QMUIComponents/QMUIMultipleDelegates
    - QMUIKit/QMUICore
  - QMUIKit/QMUIComponents/QMUICALayerExtension (4.2.3):
    - QMUIKit/QMUIComponents/QMUIMultipleDelegates
    - QMUIKit/QMUICore
  - QMUIKit/QMUIComponents/QMUICellHeightCache (4.2.3):
    - QMUIKit/QMUIComponents/QMUITableViewProtocols
    - QMUIKit/QMUICore
  - QMUIKit/QMUIComponents/QMUICellHeightKeyCache (4.2.3):
    - QMUIKit/QMUIComponents/QMUIMultipleDelegates
    - QMUIKit/QMUIComponents/QMUITableViewProtocols
    - QMUIKit/QMUICore
  - QMUIKit/QMUIComponents/QMUICellSizeKeyCache (4.2.3):
    - QMUIKit/QMUIComponents/QMUIMultipleDelegates
    - QMUIKit/QMUICore
  - QMUIKit/QMUIComponents/QMUICollectionViewPagingLayout (4.2.3):
    - QMUIKit/QMUICore
  - QMUIKit/QMUIComponents/QMUIConsole (4.2.3):
    - QMUIKit/QMUIComponents/QMUIButton
    - QMUIKit/QMUIComponents/QMUICAAnimationExtension
    - QMUIKit/QMUIComponents/QMUICellHeightKeyCache
    - QMUIKit/QMUIComponents/QMUIPopupMenuView
    - QMUIKit/QMUIComponents/QMUITableView
    - QMUIKit/QMUIComponents/QMUITableViewCell
    - QMUIKit/QMUIComponents/QMUITextField
    - QMUIKit/QMUIComponents/QMUITextView
    - QMUIKit/QMUICore
    - QMUIKit/QMUIResources
  - QMUIKit/QMUIComponents/QMUIDialogViewController (4.2.3):
    - QMUIKit/QMUIComponents/QMUIAppearance
    - QMUIKit/QMUIComponents/QMUIButton
    - QMUIKit/QMUIComponents/QMUILabel
    - QMUIKit/QMUIComponents/QMUIModalPresentationViewController
    - QMUIKit/QMUIComponents/QMUINavigationTitleView
    - QMUIKit/QMUIComponents/QMUITableView
    - QMUIKit/QMUIComponents/QMUITableViewCell
    - QMUIKit/QMUIComponents/QMUITextField
    - QMUIKit/QMUICore
    - QMUIKit/QMUIMainFrame
  - QMUIKit/QMUIComponents/QMUIEmotionInputManager (4.2.3):
    - QMUIKit/QMUIComponents/QMUIEmotionView
    - QMUIKit/QMUICore
  - QMUIKit/QMUIComponents/QMUIEmotionView (4.2.3):
    - QMUIKit/QMUIComponents/QMUIButton
    - QMUIKit/QMUICore
    - QMUIKit/QMUIResources
  - QMUIKit/QMUIComponents/QMUIEmptyView (4.2.3):
    - QMUIKit/QMUIComponents/QMUIAppearance
    - QMUIKit/QMUIComponents/QMUIButton
    - QMUIKit/QMUICore
  - QMUIKit/QMUIComponents/QMUIFillButton (4.2.3):
    - QMUIKit/QMUIComponents/QMUIButton
    - QMUIKit/QMUICore
  - QMUIKit/QMUIComponents/QMUIFloatLayoutView (4.2.3):
    - QMUIKit/QMUICore
  - QMUIKit/QMUIComponents/QMUIGhostButton (4.2.3):
    - QMUIKit/QMUIComponents/QMUIButton
    - QMUIKit/QMUICore
  - QMUIKit/QMUIComponents/QMUIGridView (4.2.3):
    - QMUIKit/QMUICore
  - QMUIKit/QMUIComponents/QMUIImagePickerLibrary (4.2.3):
    - QMUIKit/QMUIComponents/QMUIAlertController
    - QMUIKit/QMUIComponents/QMUIAppearance
    - QMUIKit/QMUIComponents/QMUIAssetLibrary
    - QMUIKit/QMUIComponents/QMUIButton
    - QMUIKit/QMUIComponents/QMUIEmptyView
    - QMUIKit/QMUIComponents/QMUIImagePreviewView
    - QMUIKit/QMUIComponents/QMUINavigationButton
    - QMUIKit/QMUIComponents/QMUITableViewCell
    - QMUIKit/QMUIComponents/QMUIZoomImageView
    - QMUIKit/QMUICore
    - QMUIKit/QMUIMainFrame
    - QMUIKit/QMUIResources
  - QMUIKit/QMUIComponents/QMUIImagePreviewView (4.2.3):
    - QMUIKit/QMUIComponents/QMUIAppearance
    - QMUIKit/QMUIComponents/QMUIButton
    - QMUIKit/QMUIComponents/QMUICollectionViewPagingLayout
    - QMUIKit/QMUIComponents/QMUIEmptyView
    - QMUIKit/QMUIComponents/QMUIPieProgressView
    - QMUIKit/QMUIComponents/QMUIZoomImageView
    - QMUIKit/QMUICore
    - QMUIKit/QMUIMainFrame
  - QMUIKit/QMUIComponents/QMUIKeyboardManager (4.2.3):
    - QMUIKit/QMUIComponents/QMUIAppearance
    - QMUIKit/QMUICore
  - QMUIKit/QMUIComponents/QMUILabel (4.2.3):
    - QMUIKit/QMUICore
  - QMUIKit/QMUIComponents/QMUILinkButton (4.2.3):
    - QMUIKit/QMUIComponents/QMUIButton
    - QMUIKit/QMUICore
  - QMUIKit/QMUIComponents/QMUILogManagerViewController (4.2.3):
    - QMUIKit/QMUIComponents/QMUIPopupMenuView
    - QMUIKit/QMUIComponents/QMUISearchController
    - QMUIKit/QMUIComponents/QMUIStaticTableView
    - QMUIKit/QMUIComponents/QMUITableView
    - QMUIKit/QMUICore
    - QMUIKit/QMUIMainFrame
  - QMUIKit/QMUIComponents/QMUILogWithConfigurationSupported (4.2.3):
    - QMUIKit/QMUICore
  - QMUIKit/QMUIComponents/QMUIMarqueeLabel (4.2.3):
    - QMUIKit/QMUICore
  - QMUIKit/QMUIComponents/QMUIModalPresentationViewController (4.2.3):
    - QMUIKit/QMUIComponents/QMUIAppearance
    - QMUIKit/QMUIComponents/QMUIKeyboardManager
    - QMUIKit/QMUICore
  - QMUIKit/QMUIComponents/QMUIMoreOperationController (4.2.3):
    - QMUIKit/QMUIComponents/QMUIAppearance
    - QMUIKit/QMUIComponents/QMUIButton
    - QMUIKit/QMUIComponents/QMUIModalPresentationViewController
    - QMUIKit/QMUICore
  - QMUIKit/QMUIComponents/QMUIMultipleDelegates (4.2.3):
    - QMUIKit/QMUICore
  - QMUIKit/QMUIComponents/QMUINavigationButton (4.2.3):
    - QMUIKit/QMUICore
    - QMUIKit/QMUIMainFrame
  - QMUIKit/QMUIComponents/QMUINavigationTitleView (4.2.3):
    - QMUIKit/QMUIComponents/QMUIAppearance
    - QMUIKit/QMUIComponents/QMUIButton
    - QMUIKit/QMUICore
  - QMUIKit/QMUIComponents/QMUIOrderedDictionary (4.2.3):
    - QMUIKit/QMUICore
  - QMUIKit/QMUIComponents/QMUIPieProgressView (4.2.3):
    - QMUIKit/QMUICore
  - QMUIKit/QMUIComponents/QMUIPopupContainerView (4.2.3):
    - QMUIKit/QMUIComponents/QMUIAppearance
    - QMUIKit/QMUICore
    - QMUIKit/QMUIMainFrame
  - QMUIKit/QMUIComponents/QMUIPopupMenuView (4.2.3):
    - QMUIKit/QMUIComponents/QMUIButton
    - QMUIKit/QMUIComponents/QMUIPopupContainerView
    - QMUIKit/QMUICore
  - QMUIKit/QMUIComponents/QMUIScrollAnimator (4.2.3):
    - QMUIKit/QMUIComponents/QMUIMultipleDelegates
    - QMUIKit/QMUICore
  - QMUIKit/QMUIComponents/QMUISearchBar (4.2.3):
    - QMUIKit/QMUICore
  - QMUIKit/QMUIComponents/QMUISearchController (4.2.3):
    - QMUIKit/QMUIComponents/QMUIEmptyView
    - QMUIKit/QMUIComponents/QMUISearchBar
    - QMUIKit/QMUICore
    - QMUIKit/QMUIMainFrame
  - QMUIKit/QMUIComponents/QMUISegmentedControl (4.2.3):
    - QMUIKit/QMUICore
  - QMUIKit/QMUIComponents/QMUISlider (4.2.3):
    - QMUIKit/QMUICore
  - QMUIKit/QMUIComponents/QMUIStaticTableView (4.2.3):
    - QMUIKit/QMUIComponents/QMUIMultipleDelegates
    - QMUIKit/QMUIComponents/QMUITableViewCell
    - QMUIKit/QMUICore
  - QMUIKit/QMUIComponents/QMUITableView (4.2.3):
    - QMUIKit/QMUIComponents/QMUITableViewProtocols
    - QMUIKit/QMUICore
  - QMUIKit/QMUIComponents/QMUITableViewCell (4.2.3):
    - QMUIKit/QMUIComponents/QMUIButton
    - QMUIKit/QMUICore
  - QMUIKit/QMUIComponents/QMUITableViewHeaderFooterView (4.2.3):
    - QMUIKit/QMUICore
  - QMUIKit/QMUIComponents/QMUITableViewProtocols (4.2.3):
    - QMUIKit/QMUICore
  - QMUIKit/QMUIComponents/QMUITestView (4.2.3):
    - QMUIKit/QMUICore
  - QMUIKit/QMUIComponents/QMUITextField (4.2.3):
    - QMUIKit/QMUIComponents/QMUIMultipleDelegates
    - QMUIKit/QMUICore
  - QMUIKit/QMUIComponents/QMUITextView (4.2.3):
    - QMUIKit/QMUIComponents/QMUILabel
    - QMUIKit/QMUIComponents/QMUIMultipleDelegates
    - QMUIKit/QMUICore
  - QMUIKit/QMUIComponents/QMUITheme (4.2.3):
    - QMUIKit/QMUIComponents/QMUIAlertController
    - QMUIKit/QMUIComponents/QMUIBadge
    - QMUIKit/QMUIComponents/QMUIButton
    - QMUIKit/QMUIComponents/QMUIConsole
    - QMUIKit/QMUIComponents/QMUIEmotionView
    - QMUIKit/QMUIComponents/QMUIEmptyView
    - QMUIKit/QMUIComponents/QMUIFillButton
    - QMUIKit/QMUIComponents/QMUIGhostButton
    - QMUIKit/QMUIComponents/QMUIGridView
    - QMUIKit/QMUIComponents/QMUIImagePickerLibrary
    - QMUIKit/QMUIComponents/QMUIImagePreviewView
    - QMUIKit/QMUIComponents/QMUILabel
    - QMUIKit/QMUIComponents/QMUILinkButton
    - QMUIKit/QMUIComponents/QMUIModalPresentationViewController
    - QMUIKit/QMUIComponents/QMUIPopupContainerView
    - QMUIKit/QMUIComponents/QMUIPopupMenuView
    - QMUIKit/QMUIComponents/QMUISlider
    - QMUIKit/QMUIComponents/QMUITextField
    - QMUIKit/QMUIComponents/QMUITextView
    - QMUIKit/QMUIComponents/QMUIToastView
    - QMUIKit/QMUIComponents/QMUIVisualEffectView
    - QMUIKit/QMUICore
  - QMUIKit/QMUIComponents/QMUITips (4.2.3):
    - QMUIKit/QMUIComponents/QMUIToastView
    - QMUIKit/QMUICore
    - QMUIKit/QMUIResources
  - QMUIKit/QMUIComponents/QMUIToastView (4.2.3):
    - QMUIKit/QMUIComponents/QMUIKeyboardManager
    - QMUIKit/QMUIComponents/QMUIVisualEffectView
    - QMUIKit/QMUICore
  - QMUIKit/QMUIComponents/QMUIToolbarButton (4.2.3):
    - QMUIKit/QMUICore
  - QMUIKit/QMUIComponents/QMUIVisualEffectView (4.2.3):
    - QMUIKit/QMUIComponents/QMUICALayerExtension
    - QMUIKit/QMUICore
  - QMUIKit/QMUIComponents/QMUIWindowSizeMonitor (4.2.3):
    - QMUIKit/QMUICore
  - QMUIKit/QMUIComponents/QMUIZoomImageView (4.2.3):
    - QMUIKit/QMUIComponents/QMUIAssetLibrary
    - QMUIKit/QMUIComponents/QMUIButton
    - QMUIKit/QMUIComponents/QMUIEmptyView
    - QMUIKit/QMUIComponents/QMUIPieProgressView
    - QMUIKit/QMUIComponents/QMUISlider
    - QMUIKit/QMUICore
    - QMUIKit/QMUIResources
  - QMUIKit/QMUICore (4.2.3):
    - QMUIKit/QMUILog
    - QMUIKit/QMUIWeakObjectContainer
  - QMUIKit/QMUILog (4.2.3)
  - QMUIKit/QMUIMainFrame (4.2.3):
    - QMUIKit/QMUIComponents/QMUIEmptyView
    - QMUIKit/QMUIComponents/QMUIKeyboardManager
    - QMUIKit/QMUIComponents/QMUIMultipleDelegates
    - QMUIKit/QMUIComponents/QMUINavigationTitleView
    - QMUIKit/QMUIComponents/QMUITableView
    - QMUIKit/QMUIComponents/QMUITableViewHeaderFooterView
    - QMUIKit/QMUICore
    - QMUIKit/QMUILog
  - QMUIKit/QMUIResources (4.2.3)
  - QMUIKit/QMUIWeakObjectContainer (4.2.3)
  - RxCocoa (5.0.1):
    - RxRelay (~> 5)
    - RxSwift (~> 5)
  - RxRelay (5.0.1):
    - RxSwift (~> 5)
  - RxSwift (5.0.1)
  - SnapKit (4.2.0)
  - SwiftGen (6.1.0)
  - ToolCollection (0.1.9):
    - DifferenceKit
    - MMKV
    - RxCocoa (~> 5)
    - RxSwift (~> 5)
    - YHListKit-flow
  - TZImagePickerController (3.2.9)
  - UMCAnalytics (6.0.5):
    - UMCCommon
  - UMCCommon (2.1.1)
  - YHListKit-flow (1.1.6)

DEPENDENCIES:
  - ApplyStyleKit
  - EachNavigationBar
  - KakaJSON (~> 1.1.0)
  - Permission/Photos
  - QMUIKit
  - SnapKit (= 4.2.0)
  - SwiftGen
  - ToolCollection
  - TZImagePickerController
  - UMCAnalytics
  - UMCCommon

SPEC REPOS:
  https://github.com/CocoaPods/Specs.git:
    - ApplyStyleKit
    - DifferenceKit
    - EachNavigationBar
    - KakaJSON
    - MMKV
    - Permission
    - QMUIKit
    - RxCocoa
    - RxRelay
    - RxSwift
    - SnapKit
    - SwiftGen
    - ToolCollection
    - TZImagePickerController
    - UMCAnalytics
    - UMCCommon
    - YHListKit-flow

SPEC CHECKSUMS:
  ApplyStyleKit: 0343b87f29764f0b8f80fb49d00361642da12ee6
  DifferenceKit: d7e8a7edd2ae706f1e1f05c8103d4cf858e04b78
  EachNavigationBar: 52548a353a86c441714e355d12f97726d111bbe1
  KakaJSON: 18a9fbd9e8381e52751eb6da8536bda8d2944fa1
  MMKV: 031ae51aedc0af1b250922f7ed8a6b6ee2f94c4c
  Permission: 4821359fb4d4367fb59aa16df38fbba5722ac842
  QMUIKit: c047f987b14be9f48df47cb934a2d21ccd7ef4b6
  RxCocoa: e741b9749968e8a143e2b787f1dfbff2b63d0a5c
  RxRelay: 89d54507f4fd4d969e6ec1d4bd7f3673640b4640
  RxSwift: e2dc62b366a3adf6a0be44ba9f405efd4c94e0c4
  SnapKit: fe8a619752f3f27075cc9a90244d75c6c3f27e2a
  SwiftGen: f872ca75cbd17bf7103c17f13dcfa0d9a15667b0
  ToolCollection: 03b528c11bac90a758a82640b655a3f22849960e
  TZImagePickerController: 1f92968aa0e98a06b9e2eccca8560acc19254257
  UMCAnalytics: 045be2cd1ec05aa95ad62405a850757f932e2d59
  UMCCommon: 971f324a5a99c9d662ae040a815e7e3d7ef8b2a8
  YHListKit-flow: 2ca9c8992c73d29360d55ef2e5a6caa0b532d57a

PODFILE CHECKSUM: ec90de17d1082142e4d28194f3fd551184b1dbd0

COCOAPODS: 1.10.0
